# THIS IS AN AUTOGENERATED FILE. DO NOT EDIT THIS FILE DIRECTLY.
# yarn lockfile v1


"@babel/helper-string-parser@^7.27.1":
  version "7.27.1"
  resolved "https://registry.npmjs.org/@babel/helper-string-parser/-/helper-string-parser-7.27.1.tgz"
  integrity sha512-qMlSxKbpRlAridDExk92nSobyDdpPijUq2DW6oDnUqd0iOGxmQjyqhMIihI9+zv4LPyZdRje2cavWPbCbWm3eA==

"@babel/helper-validator-identifier@^7.28.5":
  version "7.28.5"
  resolved "https://registry.npmjs.org/@babel/helper-validator-identifier/-/helper-validator-identifier-7.28.5.tgz"
  integrity sha512-qSs4ifwzKJSV39ucNjsvc6WVHs6b7S03sOh2OcHF9UHfVPqWWALUsNUVzhSBiItjRZoLHx7nIarVjqKVusUZ1Q==

"@babel/parser@^7.29.2":
  version "7.29.2"
  resolved "https://registry.npmjs.org/@babel/parser/-/parser-7.29.2.tgz"
  integrity sha512-4GgRzy/+fsBa72/RZVJmGKPmZu9Byn8o4MoLpmNe1m8ZfYnz5emHLQz3U4gLud6Zwl0RZIcgiLD7Uq7ySFuDLA==
  dependencies:
    "@babel/types" "^7.29.0"

"@babel/types@^7.29.0":
  version "7.29.0"
  resolved "https://registry.npmjs.org/@babel/types/-/types-7.29.0.tgz"
  integrity sha512-LwdZHpScM4Qz8Xw2iKSzS+cfglZzJGvofQICy7W7v4caru4EaAmyUuO6BGrbyQ2mYV11W0U8j5mBhd14dd3B0A==
  dependencies:
    "@babel/helper-string-parser" "^7.27.1"
    "@babel/helper-validator-identifier" "^7.28.5"

"@jridgewell/sourcemap-codec@^1.5.5":
  version "1.5.5"
  resolved "https://registry.npmjs.org/@jridgewell/sourcemap-codec/-/sourcemap-codec-1.5.5.tgz"
  integrity sha512-cYQ9310grqxueWbl+WuIUIaiUaDcj7WOq5fVhEljNVgRfOUhY9fy2zTvfoqWsnebh8Sl70VScFbICvJnLKB0Og==

"@oxc-project/types@=0.126.0":
  version "0.126.0"
  resolved "https://registry.npmjs.org/@oxc-project/types/-/types-0.126.0.tgz"
  integrity sha512-oGfVtjAgwQVVpfBrbtk4e1XDyWHRFta6BS3GWVzrF8xYBT2VGQAk39yJS/wFSMrZqoiCU4oghT3Ch0HaHGIHcQ==

"@rolldown/binding-linux-x64-gnu@1.0.0-rc.16":
  version "1.0.0-rc.16"
  resolved "https://registry.npmjs.org/@rolldown/binding-linux-x64-gnu/-/binding-linux-x64-gnu-1.0.0-rc.16.tgz"
  integrity sha512-FIb8+uG49sZBtLTn+zt1AJ20TqVcqWeSIyoVt0or7uAWesgKaHbiBh6OpA/k9v0LTt+PTrb1Lao133kP4uVxkg==

"@rolldown/pluginutils@1.0.0-rc.13":
  version "1.0.0-rc.13"
  resolved "https://registry.npmjs.org/@rolldown/pluginutils/-/pluginutils-1.0.0-rc.13.tgz"
  integrity sha512-3ngTAv6F/Py35BsYbeeLeecvhMKdsKm4AoOETVhAA+Qc8nrA2I0kF7oa93mE9qnIurngOSpMnQ0x2nQY2FPviA==

"@rolldown/pluginutils@1.0.0-rc.16":
  version "1.0.0-rc.16"
  resolved "https://registry.npmjs.org/@rolldown/pluginutils/-/pluginutils-1.0.0-rc.16.tgz"
  integrity sha512-45+YtqxLYKDWQouLKCrpIZhke+nXxhsw+qAHVzHDVwttyBlHNBVs2K25rDXrZzhpTp9w1FlAlvweV1H++fdZoA==

"@types/node@^20.19.0 || >=22.12.0", "@types/node@^24.12.2":
  version "24.12.2"
  resolved "https://registry.npmjs.org/@types/node/-/node-24.12.2.tgz"
  integrity sha512-A1sre26ke7HDIuY/M23nd9gfB+nrmhtYyMINbjI1zHJxYteKR6qSMX56FsmjMcDb3SMcjJg5BiRRgOCC/yBD0g==
  dependencies:
    undici-types "~7.16.0"

"@vitejs/plugin-vue@^6.0.6":
  version "6.0.6"
  resolved "https://registry.npmjs.org/@vitejs/plugin-vue/-/plugin-vue-6.0.6.tgz"
  integrity sha512-u9HHgfrq3AjXlysn0eINFnWQOJQLO9WN6VprZ8FXl7A2bYisv3Hui9Ij+7QZ41F/WYWarHjwBbXtD7dKg3uxbg==
  dependencies:
    "@rolldown/pluginutils" "1.0.0-rc.13"

"@volar/language-core@2.4.28":
  version "2.4.28"
  resolved "https://registry.npmjs.org/@volar/language-core/-/language-core-2.4.28.tgz"
  integrity sha512-w4qhIJ8ZSitgLAkVay6AbcnC7gP3glYM3fYwKV3srj8m494E3xtrCv6E+bWviiK/8hs6e6t1ij1s2Endql7vzQ==
  dependencies:
    "@volar/source-map" "2.4.28"

"@volar/source-map@2.4.28":
  version "2.4.28"
  resolved "https://registry.npmjs.org/@volar/source-map/-/source-map-2.4.28.tgz"
  integrity sha512-yX2BDBqJkRXfKw8my8VarTyjv48QwxdJtvRgUpNE5erCsgEUdI2DsLbpa+rOQVAJYshY99szEcRDmyHbF10ggQ==

"@volar/typescript@2.4.28":
  version "2.4.28"
  resolved "https://registry.npmjs.org/@volar/typescript/-/typescript-2.4.28.tgz"
  integrity sha512-Ja6yvWrbis2QtN4ClAKreeUZPVYMARDYZl9LMEv1iQ1QdepB6wn0jTRxA9MftYmYa4DQ4k/DaSZpFPUfxl8giw==
  dependencies:
    "@volar/language-core" "2.4.28"
    path-browserify "^1.0.1"
    vscode-uri "^3.0.8"

"@vue/compiler-core@3.5.33":
  version "3.5.33"
  resolved "https://registry.npmjs.org/@vue/compiler-core/-/compiler-core-3.5.33.tgz"
  integrity sha512-3PZLQwFw4Za3TC8t0FvTy3wI16Kt+pmwcgNZca4Pj9iWL2E72a/gZlpBtAJvEdDMdCxdG/qq0C7PN0bsJuv0Rw==
  dependencies:
    "@babel/parser" "^7.29.2"
    "@vue/shared" "3.5.33"
    entities "^7.0.1"
    estree-walker "^2.0.2"
    source-map-js "^1.2.1"

"@vue/compiler-dom@^3.5.0", "@vue/compiler-dom@3.5.33":
  version "3.5.33"
  resolved "https://registry.npmjs.org/@vue/compiler-dom/-/compiler-dom-3.5.33.tgz"
  integrity sha512-PXq0yrfCLzzL07rbXO4awtXY1Z06LG2eu6Adg3RJFa/j3Cii217XxxLXG22N330gw7GmALCY0Z8RgXEviwgpjA==
  dependencies:
    "@vue/compiler-core" "3.5.33"
    "@vue/shared" "3.5.33"

"@vue/compiler-sfc@3.5.33":
  version "3.5.33"
  resolved "https://registry.npmjs.org/@vue/compiler-sfc/-/compiler-sfc-3.5.33.tgz"
  integrity sha512-UTUvRO9cY+rROrx/pvN9P5Z7FgA6QGfokUCfhQE4EnmUj3rVnK+CHI0LsEO1pg+I7//iRYMUfcNcCPe7tg0CoA==
  dependencies:
    "@babel/parser" "^7.29.2"
    "@vue/compiler-core" "3.5.33"
    "@vue/compiler-dom" "3.5.33"
    "@vue/compiler-ssr" "3.5.33"
    "@vue/shared" "3.5.33"
    estree-walker "^2.0.2"
    magic-string "^0.30.21"
    postcss "^8.5.10"
    source-map-js "^1.2.1"

"@vue/compiler-ssr@3.5.33":
  version "3.5.33"
  resolved "https://registry.npmjs.org/@vue/compiler-ssr/-/compiler-ssr-3.5.33.tgz"
  integrity sha512-IErjYdnj1qIupG5xxiVIYiiRvDhGWV4zuh/RCrwfYpuL+HWQzeU6lCk/nF9r7olWMnjKxCAkOctT2qFWFkzb1A==
  dependencies:
    "@vue/compiler-dom" "3.5.33"
    "@vue/shared" "3.5.33"

"@vue/language-core@3.2.7":
  version "3.2.7"
  resolved "https://registry.npmjs.org/@vue/language-core/-/language-core-3.2.7.tgz"
  integrity sha512-Gn4q/tRxbpVGLEuARQ43p3YELlNAFgRUVCgW9U5Cr+5q4vfD2bWDWpl3ABbJMXUt5xlE1dF8dkigg2aUq7JYYw==
  dependencies:
    "@volar/language-core" "2.4.28"
    "@vue/compiler-dom" "^3.5.0"
    "@vue/shared" "^3.5.0"
    alien-signals "^3.1.2"
    muggle-string "^0.4.1"
    path-browserify "^1.0.1"
    picomatch "^4.0.4"

"@vue/reactivity@3.5.33":
  version "3.5.33"
  resolved "https://registry.npmjs.org/@vue/reactivity/-/reactivity-3.5.33.tgz"
  integrity sha512-p8UfIqyIhb0rYGlSgSBV+lPhF2iUSBcRy7enhTmPqKWadHy9kcOFYF1AejYBP9P+avnd3OBbD49DU4pLWX/94A==
  dependencies:
    "@vue/shared" "3.5.33"

"@vue/runtime-core@3.5.33":
  version "3.5.33"
  resolved "https://registry.npmjs.org/@vue/runtime-core/-/runtime-core-3.5.33.tgz"
  integrity sha512-UpFF45RI9//a7rvq7RdOQblb4tup7hHG9QsmIrxkFQLzQ7R8/iNQ5LE15NhLZ1/WcHMU2b47u6P33CPUelHyIQ==
  dependencies:
    "@vue/reactivity" "3.5.33"
    "@vue/shared" "3.5.33"

"@vue/runtime-dom@3.5.33":
  version "3.5.33"
  resolved "https://registry.npmjs.org/@vue/runtime-dom/-/runtime-dom-3.5.33.tgz"
  integrity sha512-IOxMsAOwquhfITgmOgaPYl7/j8gKUxUFoflRc+u4LxyD3+783xne8vNta1PONVCvCV9A0w7hkyEepINDqfO0tw==
  dependencies:
    "@vue/reactivity" "3.5.33"
    "@vue/runtime-core" "3.5.33"
    "@vue/shared" "3.5.33"
    csstype "^3.2.3"

"@vue/server-renderer@3.5.33":
  version "3.5.33"
  resolved "https://registry.npmjs.org/@vue/server-renderer/-/server-renderer-3.5.33.tgz"
  integrity sha512-0xylq/8/h44lVG0pZFknv1XIdEgymq2E9n59uTWJBG+dIgiT0TMCSsxrN7nO16Z0MU0MPjFcguBbZV8Itk52Hw==
  dependencies:
    "@vue/compiler-ssr" "3.5.33"
    "@vue/shared" "3.5.33"

"@vue/shared@^3.5.0", "@vue/shared@3.5.33":
  version "3.5.33"
  resolved "https://registry.npmjs.org/@vue/shared/-/shared-3.5.33.tgz"
  integrity sha512-5vR2QIlmaLG77Ygd4pMP6+SGQ5yox9VhtnbDWTy9DzMzdmeLxZ1QqxrywEZ9sa1AVubfIJyaCG3ytyWU81ufcQ==

"@vue/tsconfig@^0.9.1":
  version "0.9.1"
  resolved "https://registry.npmjs.org/@vue/tsconfig/-/tsconfig-0.9.1.tgz"
  integrity sha512-buvjm+9NzLCJL29KY1j1991YYJ5e6275OiK+G4jtmfIb+z4POywbdm0wXusT9adVWqe0xqg70TbI7+mRx4uU9w==

alien-signals@^3.1.2:
  version "3.1.2"
  resolved "https://registry.npmjs.org/alien-signals/-/alien-signals-3.1.2.tgz"
  integrity sha512-d9dYqZTS90WLiU0I5c6DHj/HcKkF8ZyGN3G5x8wSbslulz70KOxaqCT0hQCo9KOyhVqzqGojvNdJXoTumZOtcw==

csstype@^3.2.3:
  version "3.2.3"
  resolved "https://registry.npmjs.org/csstype/-/csstype-3.2.3.tgz"
  integrity sha512-z1HGKcYy2xA8AGQfwrn0PAy+PB7X/GSj3UVJW9qKyn43xWa+gl5nXmU4qqLMRzWVLFC8KusUX8T/0kCiOYpAIQ==

detect-libc@^2.0.3:
  version "2.1.2"
  resolved "https://registry.npmjs.org/detect-libc/-/detect-libc-2.1.2.tgz"
  integrity sha512-Btj2BOOO83o3WyH59e8MgXsxEQVcarkUOpEYrubB0urwnN10yQ364rsiByU11nZlqWYZm05i/of7io4mzihBtQ==

entities@^7.0.1:
  version "7.0.1"
  resolved "https://registry.npmjs.org/entities/-/entities-7.0.1.tgz"
  integrity sha512-TWrgLOFUQTH994YUyl1yT4uyavY5nNB5muff+RtWaqNVCAK408b5ZnnbNAUEWLTCpum9w6arT70i1XdQ4UeOPA==

estree-walker@^2.0.2:
  version "2.0.2"
  resolved "https://registry.npmjs.org/estree-walker/-/estree-walker-2.0.2.tgz"
  integrity sha512-Rfkk/Mp/DL7JVje3u18FxFujQlTNR2q6QfMSMB7AvCBx91NGj/ba3kCfza0f6dVDbw7YlRf/nDrn7pQrCCyQ/w==

fdir@^6.5.0:
  version "6.5.0"
  resolved "https://registry.npmjs.org/fdir/-/fdir-6.5.0.tgz"
  integrity sha512-tIbYtZbucOs0BRGqPJkshJUYdL+SDH7dVM8gjy+ERp3WAUjLEFJE+02kanyHtwjWOnwrKYBiwAmM0p4kLJAnXg==

lightningcss-linux-x64-gnu@1.32.0:
  version "1.32.0"
  resolved "https://registry.npmjs.org/lightningcss-linux-x64-gnu/-/lightningcss-linux-x64-gnu-1.32.0.tgz"
  integrity sha512-V7Qr52IhZmdKPVr+Vtw8o+WLsQJYCTd8loIfpDaMRWGUZfBOYEJeyJIkqGIDMZPwPx24pUMfwSxxI8phr/MbOA==

lightningcss@^1.32.0:
  version "1.32.0"
  resolved "https://registry.npmjs.org/lightningcss/-/lightningcss-1.32.0.tgz"
  integrity sha512-NXYBzinNrblfraPGyrbPoD19C1h9lfI/1mzgWYvXUTe414Gz/X1FD2XBZSZM7rRTrMA8JL3OtAaGifrIKhQ5yQ==
  dependencies:
    detect-libc "^2.0.3"
  optionalDependencies:
    lightningcss-android-arm64 "1.32.0"
    lightningcss-darwin-arm64 "1.32.0"
    lightningcss-darwin-x64 "1.32.0"
    lightningcss-freebsd-x64 "1.32.0"
    lightningcss-linux-arm-gnueabihf "1.32.0"
    lightningcss-linux-arm64-gnu "1.32.0"
    lightningcss-linux-arm64-musl "1.32.0"
    lightningcss-linux-x64-gnu "1.32.0"
    lightningcss-linux-x64-musl "1.32.0"
    lightningcss-win32-arm64-msvc "1.32.0"
    lightningcss-win32-x64-msvc "1.32.0"

magic-string@^0.30.21:
  version "0.30.21"
  resolved "https://registry.npmjs.org/magic-string/-/magic-string-0.30.21.tgz"
  integrity sha512-vd2F4YUyEXKGcLHoq+TEyCjxueSeHnFxyyjNp80yg0XV4vUhnDer/lvvlqM/arB5bXQN5K2/3oinyCRyx8T2CQ==
  dependencies:
    "@jridgewell/sourcemap-codec" "^1.5.5"

muggle-string@^0.4.1:
  version "0.4.1"
  resolved "https://registry.npmjs.org/muggle-string/-/muggle-string-0.4.1.tgz"
  integrity sha512-VNTrAak/KhO2i8dqqnqnAHOa3cYBwXEZe9h+D5h/1ZqFSTEFHdM65lR7RoIqq3tBBYavsOXV84NoHXZ0AkPyqQ==

nanoid@^3.3.11:
  version "3.3.11"
  resolved "https://registry.npmjs.org/nanoid/-/nanoid-3.3.11.tgz"
  integrity sha512-N8SpfPUnUp1bK+PMYW8qSWdl9U+wwNWI4QKxOYDy9JAro3WMX7p2OeVRF9v+347pnakNevPmiHhNmZ2HbFA76w==

path-browserify@^1.0.1:
  version "1.0.1"
  resolved "https://registry.npmjs.org/path-browserify/-/path-browserify-1.0.1.tgz"
  integrity sha512-b7uo2UCUOYZcnF/3ID0lulOJi/bafxa1xPe7ZPsammBSpjSWQkjNxlt635YGS2MiR9GjvuXCtz2emr3jbsz98g==

picocolors@^1.1.1:
  version "1.1.1"
  resolved "https://registry.npmjs.org/picocolors/-/picocolors-1.1.1.tgz"
  integrity sha512-xceH2snhtb5M9liqDsmEw56le376mTZkEX/jEb/RxNFyegNul7eNslCXP9FDj/Lcu0X8KEyMceP2ntpaHrDEVA==

"picomatch@^3 || ^4", picomatch@^4.0.4:
  version "4.0.4"
  resolved "https://registry.npmjs.org/picomatch/-/picomatch-4.0.4.tgz"
  integrity sha512-QP88BAKvMam/3NxH6vj2o21R6MjxZUAd6nlwAS/pnGvN9IVLocLHxGYIzFhg6fUQ+5th6P4dv4eW9jX3DSIj7A==

postcss@^8.5.10:
  version "8.5.10"
  resolved "https://registry.npmjs.org/postcss/-/postcss-8.5.10.tgz"
  integrity sha512-pMMHxBOZKFU6HgAZ4eyGnwXF/EvPGGqUr0MnZ5+99485wwW41kW91A4LOGxSHhgugZmSChL5AlElNdwlNgcnLQ==
  dependencies:
    nanoid "^3.3.11"
    picocolors "^1.1.1"
    source-map-js "^1.2.1"

rolldown@1.0.0-rc.16:
  version "1.0.0-rc.16"
  resolved "https://registry.npmjs.org/rolldown/-/rolldown-1.0.0-rc.16.tgz"
  integrity sha512-rzi5WqKzEZw3SooTt7cgm4eqIoujPIyGcJNGFL7iPEuajQw7vxMHUkXylu4/vhCkJGXsgRmxqMKXUpT6FEgl0g==
  dependencies:
    "@oxc-project/types" "=0.126.0"
    "@rolldown/pluginutils" "1.0.0-rc.16"
  optionalDependencies:
    "@rolldown/binding-android-arm64" "1.0.0-rc.16"
    "@rolldown/binding-darwin-arm64" "1.0.0-rc.16"
    "@rolldown/binding-darwin-x64" "1.0.0-rc.16"
    "@rolldown/binding-freebsd-x64" "1.0.0-rc.16"
    "@rolldown/binding-linux-arm-gnueabihf" "1.0.0-rc.16"
    "@rolldown/binding-linux-arm64-gnu" "1.0.0-rc.16"
    "@rolldown/binding-linux-arm64-musl" "1.0.0-rc.16"
    "@rolldown/binding-linux-ppc64-gnu" "1.0.0-rc.16"
    "@rolldown/binding-linux-s390x-gnu" "1.0.0-rc.16"
    "@rolldown/binding-linux-x64-gnu" "1.0.0-rc.16"
    "@rolldown/binding-linux-x64-musl" "1.0.0-rc.16"
    "@rolldown/binding-openharmony-arm64" "1.0.0-rc.16"
    "@rolldown/binding-wasm32-wasi" "1.0.0-rc.16"
    "@rolldown/binding-win32-arm64-msvc" "1.0.0-rc.16"
    "@rolldown/binding-win32-x64-msvc" "1.0.0-rc.16"

source-map-js@^1.2.1:
  version "1.2.1"
  resolved "https://registry.npmjs.org/source-map-js/-/source-map-js-1.2.1.tgz"
  integrity sha512-UXWMKhLOwVKb728IUtQPXxfYU+usdybtUrK/8uGE8CQMvrhOpwvzDBwj0QhSL7MQc7vIsISBG8VQ8+IDQxpfQA==

tinyglobby@^0.2.16:
  version "0.2.16"
  resolved "https://registry.npmjs.org/tinyglobby/-/tinyglobby-0.2.16.tgz"
  integrity sha512-pn99VhoACYR8nFHhxqix+uvsbXineAasWm5ojXoN8xEwK5Kd3/TrhNn1wByuD52UxWRLy8pu+kRMniEi6Eq9Zg==
  dependencies:
    fdir "^6.5.0"
    picomatch "^4.0.4"

typescript@*, "typescript@>= 5.8", typescript@>=5.0.0, typescript@~6.0.2:
  version "6.0.3"
  resolved "https://registry.npmjs.org/typescript/-/typescript-6.0.3.tgz"
  integrity sha512-y2TvuxSZPDyQakkFRPZHKFm+KKVqIisdg9/CZwm9ftvKXLP8NRWj38/ODjNbr43SsoXqNuAisEf1GdCxqWcdBw==

undici-types@~7.16.0:
  version "7.16.0"
  resolved "https://registry.npmjs.org/undici-types/-/undici-types-7.16.0.tgz"
  integrity sha512-Zz+aZWSj8LE6zoxD+xrjh4VfkIG8Ya6LvYkZqtUQGJPZjYl53ypCaUwWqo7eI0x66KBGeRo+mlBEkMSeSZ38Nw==

"vite@^5.0.0 || ^6.0.0 || ^7.0.0 || ^8.0.0", vite@^8.0.9:
  version "8.0.9"
  resolved "https://registry.npmjs.org/vite/-/vite-8.0.9.tgz"
  integrity sha512-t7g7GVRpMXjNpa67HaVWI/8BWtdVIQPCL2WoozXXA7LBGEFK4AkkKkHx2hAQf5x1GZSlcmEDPkVLSGahxnEEZw==
  dependencies:
    lightningcss "^1.32.0"
    picomatch "^4.0.4"
    postcss "^8.5.10"
    rolldown "1.0.0-rc.16"
    tinyglobby "^0.2.16"
  optionalDependencies:
    fsevents "~2.3.3"

vscode-uri@^3.0.8:
  version "3.1.0"
  resolved "https://registry.npmjs.org/vscode-uri/-/vscode-uri-3.1.0.tgz"
  integrity sha512-/BpdSx+yCQGnCvecbyXdxHDkuk55/G3xwnC0GqY4gmQ3j+A+g8kzzgB4Nk/SINjqn6+waqw3EgbVF2QKExkRxQ==

vue-tsc@^3.2.7:
  version "3.2.7"
  resolved "https://registry.npmjs.org/vue-tsc/-/vue-tsc-3.2.7.tgz"
  integrity sha512-zc1tL3HoQni1zGTGrwBVRQb7rGP5SWdu/m4rGB6JcnAC5MT5LFZIxF7Y+EJEnt4hGF23d60rXH7gRjHGb5KQQQ==
  dependencies:
    "@volar/typescript" "2.4.28"
    "@vue/language-core" "3.2.7"

vue@^3.2.25, vue@^3.4.0, vue@^3.5.32, vue@3.5.33:
  version "3.5.33"
  resolved "https://registry.npmjs.org/vue/-/vue-3.5.33.tgz"
  integrity sha512-1AgChhx5w3ALgT4oK3acm2Es/7jyZhWSVUfs3rOBlGQC0rjEDkS7G4lWlJJGGNQD+BV3reCwbQrOe1mPNwKHBQ==
  dependencies:
    "@vue/compiler-dom" "3.5.33"
    "@vue/compiler-sfc" "3.5.33"
    "@vue/runtime-dom" "3.5.33"
    "@vue/server-renderer" "3.5.33"
    "@vue/shared" "3.5.33"

ws@^8.18.3:
  version "8.20.0"
  resolved "https://registry.npmjs.org/ws/-/ws-8.20.0.tgz"
  integrity sha512-sAt8BhgNbzCtgGbt2OxmpuryO63ZoDk/sqaB/znQm94T4fCEsy/yV+7CdC1kJhOU9lboAEU7R3kquuycDoibVA==
